Microsoft Visual Studio Solution File, Format Version 12.00
# Visual Studio 15
VisualStudioVersion = 15.0.27703.2035
MinimumVisualStudioVersion = 10.0.40219.1
Project("{FAE04EC0-301F-11D3-BF4B-00C04F79EFBC}") = "Shared", "Shared\Shared.csproj", "{4AF7BCCB-A6E0-4543-853A-ABBADC3C862D}"
EndProject
Project("{FAE04EC0-301F-11D3-BF4B-00C04F79EFBC}") = "Communication", "Communication\Communication.csproj", "{5E2416AA-BF43-4754-B1CF-913080C1B104}"
EndProject
Project("{FAE04EC0-301F-11D3-BF4B-00C04F79EFBC}") = "ECUFlasher", "ECUFlasher\ECUFlasher.csproj", "{D342D285-AC8C-40B2-8A85-83CFB9C1CE2A}"
EndProject
Project("{2150E333-8FDC-42A3-9474-1A3956D46DE8}") = "Libs", "Libs", "{D5966760-5B3C-49E7-AF91-09DBDBD7EF8D}"
EndProject
Project("{FAE04EC0-301F-11D3-BF4B-00C04F79EFBC}") = "FTD2XX_NET", "FTD2XX_NET\FTD2XX_NET.csproj", "{8966A890-1A9B-42E4-B0B6-181627310D7E}"
EndProject
Project("{FAE04EC0-301F-11D3-BF4B-00C04F79EFBC}") = "Checksum", "Checksum\Checksum.csproj", "{7D8C0D8C-A7B5-446F-AD38-08E24D72C882}"
EndProject
Project("{FAE04EC0-301F-11D3-BF4B-00C04F79EFBC}") = "ApplicationShared", "ApplicationShared\ApplicationShared.csproj", "{A72B0474-F8FB-4F9A-A1DB-0269BE9EB1FD}"
EndProject
Project("{930C7802-8A8C-48F9-8165-68863BCCD9DD}") = "Installer", "Installer\Installer.wixproj", "{3A9FFB8D-401C-4C18-97E7-34B6E94CCA88}"
EndProject
Global
	GlobalSection(SolutionConfigurationPlatforms) = preSolution
		Debug|Any CPU = Debug|Any CPU
		Debug|x86 = Debug|x86
		Release|Any CPU = Release|Any CPU
		Release|x86 = Release|x86
	EndGlobalSection
	GlobalSection(ProjectConfigurationPlatforms) = postSolution
		{4AF7BCCB-A6E0-4543-853A-ABBADC3C862D}.Debug|Any CPU.ActiveCfg = Debug|Any CPU
		{4AF7BCCB-A6E0-4543-853A-ABBADC3C862D}.Debug|Any CPU.Build.0 = Debug|Any CPU
		{4AF7BCCB-A6E0-4543-853A-ABBADC3C862D}.Debug|x86.ActiveCfg = Debug|x86
		{4AF7BCCB-A6E0-4543-853A-ABBADC3C862D}.Debug|x86.Build.0 = Debug|x86
		{4AF7BCCB-A6E0-4543-853A-ABBADC3C862D}.Release|Any CPU.ActiveCfg = Release|Any CPU
		{4AF7BCCB-A6E0-4543-853A-ABBADC3C862D}.Release|Any CPU.Build.0 = Release|Any CPU
		{4AF7BCCB-A6E0-4543-853A-ABBADC3C862D}.Release|x86.ActiveCfg = Release|x86
		{4AF7BCCB-A6E0-4543-853A-ABBADC3C862D}.Release|x86.Build.0 = Release|x86
		{5E2416AA-BF43-4754-B1CF-913080C1B104}.Debug|Any CPU.ActiveCfg = Debug|Any CPU
		{5E2416AA-BF43-4754-B1CF-913080C1B104}.Debug|Any CPU.Build.0 = Debug|Any CPU
		{5E2416AA-BF43-4754-B1CF-913080C1B104}.Debug|x86.ActiveCfg = Debug|x86
		{5E2416AA-BF43-4754-B1CF-913080C1B104}.Debug|x86.Build.0 = Debug|x86
		{5E2416AA-BF43-4754-B1CF-913080C1B104}.Release|Any CPU.ActiveCfg = Release|Any CPU
		{5E2416AA-BF43-4754-B1CF-913080C1B104}.Release|Any CPU.Build.0 = Release|Any CPU
		{5E2416AA-BF43-4754-B1CF-913080C1B104}.Release|x86.ActiveCfg = Release|x86
		{5E2416AA-BF43-4754-B1CF-913080C1B104}.Release|x86.Build.0 = Release|x86
		{D342D285-AC8C-40B2-8A85-83CFB9C1CE2A}.Debug|Any CPU.ActiveCfg = Debug|Any CPU
		{D342D285-AC8C-40B2-8A85-83CFB9C1CE2A}.Debug|Any CPU.Build.0 = Debug|Any CPU
		{D342D285-AC8C-40B2-8A85-83CFB9C1CE2A}.Debug|x86.ActiveCfg = Debug|x86
		{D342D285-AC8C-40B2-8A85-83CFB9C1CE2A}.Debug|x86.Build.0 = Debug|x86
		{D342D285-AC8C-40B2-8A85-83CFB9C1CE2A}.Release|Any CPU.ActiveCfg = Release|Any CPU
		{D342D285-AC8C-40B2-8A85-83CFB9C1CE2A}.Release|Any CPU.Build.0 = Release|Any CPU
		{D342D285-AC8C-40B2-8A85-83CFB9C1CE2A}.Release|x86.ActiveCfg = Release|x86
		{D342D285-AC8C-40B2-8A85-83CFB9C1CE2A}.Release|x86.Build.0 = Release|x86
		{8966A890-1A9B-42E4-B0B6-181627310D7E}.Debug|Any CPU.ActiveCfg = Debug|Any CPU
		{8966A890-1A9B-42E4-B0B6-181627310D7E}.Debug|Any CPU.Build.0 = Debug|Any CPU
		{8966A890-1A9B-42E4-B0B6-181627310D7E}.Debug|x86.ActiveCfg = Debug|x86
		{8966A890-1A9B-42E4-B0B6-181627310D7E}.Debug|x86.Build.0 = Debug|x86
		{8966A890-1A9B-42E4-B0B6-181627310D7E}.Release|Any CPU.ActiveCfg = Release|Any CPU
		{8966A890-1A9B-42E4-B0B6-181627310D7E}.Release|Any CPU.Build.0 = Release|Any CPU
		{8966A890-1A9B-42E4-B0B6-181627310D7E}.Release|x86.ActiveCfg = Release|x86
		{8966A890-1A9B-42E4-B0B6-181627310D7E}.Release|x86.Build.0 = Release|x86
		{7D8C0D8C-A7B5-446F-AD38-08E24D72C882}.Debug|Any CPU.ActiveCfg = Debug|Any CPU
		{7D8C0D8C-A7B5-446F-AD38-08E24D72C882}.Debug|Any CPU.Build.0 = Debug|Any CPU
		{7D8C0D8C-A7B5-446F-AD38-08E24D72C882}.Debug|x86.ActiveCfg = Debug|x86
		{7D8C0D8C-A7B5-446F-AD38-08E24D72C882}.Debug|x86.Build.0 = Debug|x86
		{7D8C0D8C-A7B5-446F-AD38-08E24D72C882}.Release|Any CPU.ActiveCfg = Release|Any CPU
		{7D8C0D8C-A7B5-446F-AD38-08E24D72C882}.Release|Any CPU.Build.0 = Release|Any CPU
		{7D8C0D8C-A7B5-446F-AD38-08E24D72C882}.Release|x86.ActiveCfg = Release|x86
		{7D8C0D8C-A7B5-446F-AD38-08E24D72C882}.Release|x86.Build.0 = Release|x86
		{A72B0474-F8FB-4F9A-A1DB-0269BE9EB1FD}.Debug|Any CPU.ActiveCfg = Debug|Any CPU
		{A72B0474-F8FB-4F9A-A1DB-0269BE9EB1FD}.Debug|Any CPU.Build.0 = Debug|Any CPU
		{A72B0474-F8FB-4F9A-A1DB-0269BE9EB1FD}.Debug|x86.ActiveCfg = Debug|x86
		{A72B0474-F8FB-4F9A-A1DB-0269BE9EB1FD}.Debug|x86.Build.0 = Debug|x86
		{A72B0474-F8FB-4F9A-A1DB-0269BE9EB1FD}.Release|Any CPU.ActiveCfg = Release|Any CPU
		{A72B0474-F8FB-4F9A-A1DB-0269BE9EB1FD}.Release|Any CPU.Build.0 = Release|Any CPU
		{A72B0474-F8FB-4F9A-A1DB-0269BE9EB1FD}.Release|x86.ActiveCfg = Release|x86
		{A72B0474-F8FB-4F9A-A1DB-0269BE9EB1FD}.Release|x86.Build.0 = Release|x86
		{3A9FFB8D-401C-4C18-97E7-34B6E94CCA88}.Debug|Any CPU.ActiveCfg = Debug|x86
		{3A9FFB8D-401C-4C18-97E7-34B6E94CCA88}.Debug|x86.ActiveCfg = Debug|x86
		{3A9FFB8D-401C-4C18-97E7-34B6E94CCA88}.Debug|x86.Build.0 = Debug|x86
		{3A9FFB8D-401C-4C18-97E7-34B6E94CCA88}.Release|Any CPU.ActiveCfg = Release|x86
		{3A9FFB8D-401C-4C18-97E7-34B6E94CCA88}.Release|x86.ActiveCfg = Release|x86
		{3A9FFB8D-401C-4C18-97E7-34B6E94CCA88}.Release|x86.Build.0 = Release|x86
	EndGlobalSection
	GlobalSection(SolutionProperties) = preSolution
		HideSolutionNode = FALSE
	EndGlobalSection
	GlobalSection(NestedProjects) = preSolution
		{4AF7BCCB-A6E0-4543-853A-ABBADC3C862D} = {D5966760-5B3C-49E7-AF91-09DBDBD7EF8D}
		{5E2416AA-BF43-4754-B1CF-913080C1B104} = {D5966760-5B3C-49E7-AF91-09DBDBD7EF8D}
		{8966A890-1A9B-42E4-B0B6-181627310D7E} = {D5966760-5B3C-49E7-AF91-09DBDBD7EF8D}
		{7D8C0D8C-A7B5-446F-AD38-08E24D72C882} = {D5966760-5B3C-49E7-AF91-09DBDBD7EF8D}
		{A72B0474-F8FB-4F9A-A1DB-0269BE9EB1FD} = {D5966760-5B3C-49E7-AF91-09DBDBD7EF8D}
	EndGlobalSection
	GlobalSection(ExtensibilityGlobals) = postSolution
		SolutionGuid = {E0D07F86-F532-40C5-8A14-AEBAA6091D0C}
	EndGlobalSection
EndGlobal
